// !$*UTF8*$!
{
	archiveVersion = 1;
	classes = {
	};
	objectVersion = 50;
	objects = {

/* Begin PBXBuildFile section */
		048E1EAF24ABCFFD00423673 /* AppDelegate.swift in Sources */ = {isa = PBXBuildFile; fileRef = 048E1EAE24ABCFFD00423673 /* AppDelegate.swift */; };
		048E1EB124ABCFFD00423673 /* SceneDelegate.swift in Sources */ = {isa = PBXBuildFile; fileRef = 048E1EB024ABCFFD00423673 /* SceneDelegate.swift */; };
		048E1EB324ABCFFD00423673 /* ViewController.swift in Sources */ = {isa = PBXBuildFile; fileRef = 048E1EB224ABCFFD00423673 /* ViewController.swift */; };
		048E1EB624ABCFFE00423673 /* Main.storyboard in Resources */ = {isa = PBXBuildFile; fileRef = 048E1EB424ABCFFE00423673 /* Main.storyboard */; };
		048E1EB824ABD00000423673 /* Assets.xcassets in Resources */ = {isa = PBXBuildFile; fileRef = 048E1EB724ABD00000423673 /* Assets.xcassets */; };
		048E1EBB24ABD00000423673 /* LaunchScreen.storyboard in Resources */ = {isa = PBXBuildFile; fileRef = 048E1EB924ABD00000423673 /* LaunchScreen.storyboard */; };
		048E1EC324ABDE0C00423673 /* RoundButton.swift in Sources */ = {isa = PBXBuildFile; fileRef = 048E1EC224ABDE0C00423673 /* RoundButton.swift */; };
/* End PBXBuildFile section */

/* Begin PBXFileReference section */
		048E1EAB24ABCFFD00423673 /* UI Design 1.0.app */ = {isa = PBXFileReference; explicitFileType = wrapper.application; includeInIndex = 0; path = "UI Design 1.0.app"; sourceTree = BUILT_PRODUCTS_DIR; };
		048E1EAE24ABCFFD00423673 /* AppDelegate.swift */ = {isa = PBXFileReference; lastKnownFileType = sourcecode.swift; path = AppDelegate.swift; sourceTree = "<group>"; };
		048E1EB024ABCFFD00423673 /* SceneDelegate.swift */ = {isa = PBXFileReference; lastKnownFileType = sourcecode.swift; path = SceneDelegate.swift; sourceTree = "<group>"; };
		048E1EB224ABCFFD00423673 /* ViewController.swift */ = {isa = PBXFileReference; lastKnownFileType = sourcecode.swift; path = ViewController.swift; sourceTree = "<group>"; };
		048E1EB524ABCFFE00423673 /* Base */ = {isa = PBXFileReference; lastKnownFileType = file.storyboard; name = Base; path = Base.lproj/Main.storyboard; sourceTree = "<group>"; };
		048E1EB724ABD00000423673 /* Assets.xcassets */ = {isa = PBXFileReference; lastKnownFileType = folder.assetcatalog; path = Assets.xcassets; sourceTree = "<group>"; };
		048E1EBA24ABD00000423673 /* Base */ = {isa = PBXFileReference; lastKnownFileType = file.storyboard; name = Base; path = Base.lproj/LaunchScreen.storyboard; sourceTree = "<group>"; };
		048E1EBC24ABD00000423673 /* Info.plist */ = {isa = PBXFileReference; lastKnownFileType = text.plist.xml; path = Info.plist; sourceTree = "<group>"; };
		048E1EC224ABDE0C00423673 /* RoundButton.swift */ = {isa = PBXFileReference; lastKnownFileType = sourcecode.swift; path = RoundButton.swift; sourceTree = "<group>"; };
/* End PBXFileReference section */

/* Begin PBXFrameworksBuildPhase section */
		048E1EA824ABCFFD00423673 /* Frameworks */ = {
			isa = PBXFrameworksBuildPhase;
			buildActionMask = 2147483647;
			files = (
			);
			runOnlyForDeploymentPostprocessing = 0;
		};
/* End PBXFrameworksBuildPhase section */

/* Begin PBXGroup section */
		048E1EA224ABCFFD00423673 = {
			isa = PBXGroup;
			children = (
				048E1EAD24ABCFFD00423673 /* UI Design 1.0 */,
				048E1EAC24ABCFFD00423673 /* Products */,
			);
			sourceTree = "<group>";
		};
		048E1EAC24ABCFFD00423673 /* Products */ = {
			isa = PBXGroup;
			children = (
				048E1EAB24ABCFFD00423673 /* UI Design 1.0.app */,
			);
			name = Products;
			sourceTree = "<group>";
		};
		048E1EAD24ABCFFD00423673 /* UI Design 1.0 */ = {
			isa = PBXGroup;
			children = (
				048E1EC224ABDE0C00423673 /* RoundButton.swift */,
				048E1EAE24ABCFFD00423673 /* AppDelegate.swift */,
				048E1EB024ABCFFD00423673 /* SceneDelegate.swift */,
				048E1EB224ABCFFD00423673 /* ViewController.swift */,
				048E1EB424ABCFFE00423673 /* Main.storyboard */,
				048E1EB724ABD00000423673 /* Assets.xcassets */,
				048E1EB924ABD00000423673 /* LaunchScreen.storyboard */,
				048E1EBC24ABD00000423673 /* Info.plist */,
			);
			path = "UI Design 1.0";
			sourceTree = "<group>";
		};
/* End PBXGroup section */

/* Begin PBXNativeTarget section */
		048E1EAA24ABCFFD00423673 /* UI Design 1.0 */ = {
			isa = PBXNativeTarget;
			buildConfigurationList = 048E1EBF24ABD00000423673 /* Build configuration list for PBXNativeTarget "UI Design 1.0" */;
			buildPhases = (
				048E1EA724ABCFFD00423673 /* Sources */,
				048E1EA824ABCFFD00423673 /* Frameworks */,
				048E1EA924ABCFFD00423673 /* Resources */,
			);
			buildRules = (
			);
			dependencies = (
			);
			name = "UI Design 1.0";
			productName = "UI Design 1.0";
			productReference = 048E1EAB24ABCFFD00423673 /* UI Design 1.0.app */;
			productType = "com.apple.product-type.application";
		};
/* End PBXNativeTarget section */

/* Begin PBXProject section */
		048E1EA324ABCFFD00423673 /* Project object */ = {
			isa = PBXProject;
			attributes = {
				LastSwiftUpdateCheck = 1150;
				LastUpgradeCheck = 1150;
				ORGANIZATIONNAME = "Mac Leonardo";
				TargetAttributes = {
					048E1EAA24ABCFFD00423673 = {
						CreatedOnToolsVersion = 11.5;
					};
				};
			};
			buildConfigurationList = 048E1EA624ABCFFD00423673 /* Build configuration list for PBXProject "UI Design 1.0" */;
			compatibilityVersion = "Xcode 9.3";
			developmentRegion = en;
			hasScannedForEncodings = 0;
			knownRegions = (
				en,
				Base,
			);
			mainGroup = 048E1EA224ABCFFD00423673;
			productRefGroup = 048E1EAC24ABCFFD00423673 /* Products */;
			projectDirPath = "";
			projectRoot = "";
			targets = (
				048E1EAA24ABCFFD00423673 /* UI Design 1.0 */,
			);
		};
/* End PBXProject section */

/* Begin PBXResourcesBuildPhase section */
		048E1EA924ABCFFD00423673 /* Resources */ = {
			isa = PBXResourcesBuildPhase;
			buildActionMask = 2147483647;
			files = (
				048E1EBB24ABD00000423673 /* LaunchScreen.storyboard in Resources */,
				048E1EB824ABD00000423673 /* Assets.xcassets in Resources */,
				048E1EB624ABCFFE00423673 /* Main.storyboard in Resources */,
			);
			runOnlyForDeploymentPostprocessing = 0;
		};
/* End PBXResourcesBuildPhase section */

/* Begin PBXSourcesBuildPhase section */
		048E1EA724ABCFFD00423673 /* Sources */ = {
			isa = PBXSourcesBuildPhase;
			buildActionMask = 2147483647;
			files = (
				048E1EC324ABDE0C00423673 /* RoundButton.swift in Sources */,
				048E1EB324ABCFFD00423673 /* ViewController.swift in Sources */,
				048E1EAF24ABCFFD00423673 /* AppDelegate.swift in Sources */,
				048E1EB124ABCFFD00423673 /* SceneDelegate.swift in Sources */,
			);
			runOnlyForDeploymentPostprocessing = 0;
		};
/* End PBXSourcesBuildPhase section */

/* Begin PBXVariantGroup section */
		048E1EB424ABCFFE00423673 /* Main.storyboard */ = {
			isa = PBXVariantGroup;
			children = (
				048E1EB524ABCFFE00423673 /* Base */,
			);
			name = Main.storyboard;
			sourceTree = "<group>";
		};
		048E1EB924ABD00000423673 /* LaunchScreen.storyboard */ = {
			isa = PBXVariantGroup;
			children = (
				048E1EBA24ABD00000423673 /* Base */,
			);
			name = LaunchScreen.storyboard;
			sourceTree = "<group>";
		};
/* End PBXVariantGroup section */

/* Begin XCBuildConfiguration section */
		048E1EBD24ABD00000423673 /* Debug */ = {
			isa = XCBuildConfiguration;
			buildSettings = {
				ALWAYS_SEARCH_USER_PATHS = NO;
				CLANG_ANALYZER_NONNULL = YES;
				CLANG_ANALYZER_NUMBER_OBJECT_CONVERSION = YES_AGGRESSIVE;
				CLANG_CXX_LANGUAGE_STANDARD = "gnu++14";
				CLANG_CXX_LIBRARY = "libc++";
				CLANG_ENABLE_MODULES = YES;
				CLANG_ENABLE_OBJC_ARC = YES;
				CLANG_ENABLE_OBJC_WEAK = YES;
				CLANG_WARN_BLOCK_CAPTURE_AUTORELEASING = YES;
				CLANG_WARN_BOOL_CONVERSION = YES;
				CLANG_WARN_COMMA = YES;
				CLANG_WARN_CONSTANT_CONVERSION = YES;
				CLANG_WARN_DEPRECATED_OBJC_IMPLEMENTATIONS = YES;
				CLANG_WARN_DIRECT_OBJC_ISA_USAGE = YES_ERROR;
				CLANG_WARN_DOCUMENTATION_COMMENTS = YES;
				CLANG_WARN_EMPTY_BODY = YES;
				CLANG_WARN_ENUM_CONVERSION = YES;
				CLANG_WARN_INFINITE_RECURSION = YES;
				CLANG_WARN_INT_CONVERSION = YES;
				CLANG_WARN_NON_LITERAL_NULL_CONVERSION = YES;
				CLANG_WARN_OBJC_IMPLICIT_RETAIN_SELF = YES;
				CLANG_WARN_OBJC_LITERAL_CONVERSION = YES;
				CLANG_WARN_OBJC_ROOT_CLASS = YES_ERROR;
				CLANG_WARN_RANGE_LOOP_ANALYSIS = YES;
				CLANG_WARN_STRICT_PROTOTYPES = YES;
				CLANG_WARN_SUSPICIOUS_MOVE = YES;
				CLANG_WARN_UNGUARDED_AVAILABILITY = YES_AGGRESSIVE;
				CLANG_WARN_UNREACHABLE_CODE = YES;
				CLANG_WARN__DUPLICATE_METHOD_MATCH = YES;
				COPY_PHASE_STRIP = NO;
				DEBUG_INFORMATION_FORMAT = dwarf;
				ENABLE_STRICT_OBJC_MSGSEND = YES;
				ENABLE_TESTABILITY = YES;
				GCC_C_LANGUAGE_STANDARD = gnu11;
				GCC_DYNAMIC_NO_PIC = NO;
				GCC_NO_COMMON_BLOCKS = YES;
				GCC_OPTIMIZATION_LEVEL = 0;
				GCC_PREPROCESSOR_DEFINITIONS = (
					"DEBUG=1",
					"$(inherited)",
				);
				GCC_WARN_64_TO_32_BIT_CONVERSION = YES;
				GCC_WARN_ABOUT_RETURN_TYPE = YES_ERROR;
				GCC_WARN_UNDECLARED_SELECTOR = YES;
				GCC_WARN_UNINITIALIZED_AUTOS = YES_AGGRESSIVE;
				GCC_WARN_UNUSED_FUNCTION = YES;
				GCC_WARN_UNUSED_VARIABLE = YES;
				IPHONEOS_DEPLOYMENT_TARGET = 13.5;
				MTL_ENABLE_DEBUG_INFO = INCLUDE_SOURCE;
				MTL_FAST_MATH = YES;
				ONLY_ACTIVE_ARCH = YES;
				SDKROOT = iphoneos;
				SWIFT_ACTIVE_COMPILATION_CONDITIONS = DEBUG;
				SWIFT_OPTIMIZATION_LEVEL = "-Onone";
			};
			name = Debug;
		};
		048E1EBE24ABD00000423673 /* Release */ = {
			isa = XCBuildConfiguration;
			buildSettings = {
				ALWAYS_SEARCH_USER_PATHS = NO;
				CLANG_ANALYZER_NONNULL = YES;
				CLANG_ANALYZER_NUMBER_OBJECT_CONVERSION = YES_AGGRESSIVE;
				CLANG_CXX_LANGUAGE_STANDARD = "gnu++14";
				CLANG_CXX_LIBRARY = "libc++";
				CLANG_ENABLE_MODULES = YES;
				CLANG_ENABLE_OBJC_ARC = YES;
				CLANG_ENABLE_OBJC_WEAK = YES;
				CLANG_WARN_BLOCK_CAPTURE_AUTORELEASING = YES;
				CLANG_WARN_BOOL_CONVERSION = YES;
				CLANG_WARN_COMMA = YES;
				CLANG_WARN_CONSTANT_CONVERSION = YES;
				CLANG_WARN_DEPRECATED_OBJC_IMPLEMENTATIONS = YES;
				CLANG_WARN_DIRECT_OBJC_ISA_USAGE = YES_ERROR;
				CLANG_WARN_DOCUMENTATION_COMMENTS = YES;
				CLANG_WARN_EMPTY_BODY = YES;
				CLANG_WARN_ENUM_CONVERSION = YES;
				CLANG_WARN_INFINITE_RECURSION = YES;
				CLANG_WARN_INT_CONVERSION = YES;
				CLANG_WARN_NON_LITERAL_NULL_CONVERSION = YES;
				CLANG_WARN_OBJC_IMPLICIT_RETAIN_SELF = YES;
				CLANG_WARN_OBJC_LITERAL_CONVERSION = YES;
				CLANG_WARN_OBJC_ROOT_CLASS = YES_ERROR;
				CLANG_WARN_RANGE_LOOP_ANALYSIS = YES;
				CLANG_WARN_STRICT_PROTOTYPES = YES;
				CLANG_WARN_SUSPICIOUS_MOVE = YES;
				CLANG_WARN_UNGUARDED_AVAILABILITY = YES_AGGRESSIVE;
				CLANG_WARN_UNREACHABLE_CODE = YES;
				CLANG_WARN__DUPLICATE_METHOD_MATCH = YES;
				COPY_PHASE_STRIP = NO;
				DEBUG_INFORMATION_FORMAT = "dwarf-with-dsym";
				ENABLE_NS_ASSERTIONS = NO;
				ENABLE_STRICT_OBJC_MSGSEND = YES;
				GCC_C_LANGUAGE_STANDARD = gnu11;
				GCC_NO_COMMON_BLOCKS = YES;
				GCC_WARN_64_TO_32_BIT_CONVERSION = YES;
				GCC_WARN_ABOUT_RETURN_TYPE = YES_ERROR;
				GCC_WARN_UNDECLARED_SELECTOR = YES;
				GCC_WARN_UNINITIALIZED_AUTOS = YES_AGGRESSIVE;
				GCC_WARN_UNUSED_FUNCTION = YES;
				GCC_WARN_UNUSED_VARIABLE = YES;
				IPHONEOS_DEPLOYMENT_TARGET = 13.5;
				MTL_ENABLE_DEBUG_INFO = NO;
				MTL_FAST_MATH = YES;
				SDKROOT = iphoneos;
				SWIFT_COMPILATION_MODE = wholemodule;
				SWIFT_OPTIMIZATION_LEVEL = "-O";
				VALIDATE_PRODUCT = YES;
			};
			name = Release;
		};
		048E1EC024ABD00000423673 /* Debug */ = {
			isa = XCBuildConfiguration;
			buildSettings = {
				ASSETCATALOG_COMPILER_APPICON_NAME = AppIcon;
				CODE_SIGN_STYLE = Automatic;
				DEVELOPMENT_TEAM = R9ZJ5Q8HBH;
				INFOPLIST_FILE = "UI Design 1.0/Info.plist";
				LD_RUNPATH_SEARCH_PATHS = (
					"$(inherited)",
					"@executable_path/Frameworks",
				);
				PRODUCT_BUNDLE_IDENTIFIER = "com.leonardopegomartins.UI-Design-1-0";
				PRODUCT_NAME = "$(TARGET_NAME)";
				SWIFT_VERSION = 5.0;
				TARGETED_DEVICE_FAMILY = "1,2";
			};
			name = Debug;
		};
		048E1EC124ABD00000423673 /* Release */ = {
			isa = XCBuildConfiguration;
			buildSettings = {
				ASSETCATALOG_COMPILER_APPICON_NAME = AppIcon;
				CODE_SIGN_STYLE = Automatic;
				DEVELOPMENT_TEAM = R9ZJ5Q8HBH;
				INFOPLIST_FILE = "UI Design 1.0/Info.plist";
				LD_RUNPATH_SEARCH_PATHS = (
					"$(inherited)",
					"@executable_path/Frameworks",
				);
				PRODUCT_BUNDLE_IDENTIFIER = "com.leonardopegomartins.UI-Design-1-0";
				PRODUCT_NAME = "$(TARGET_NAME)";
				SWIFT_VERSION = 5.0;
				TARGETED_DEVICE_FAMILY = "1,2";
			};
			name = Release;
		};
/* End XCBuildConfiguration section */

/* Begin XCConfigurationList section */
		048E1EA624ABCFFD00423673 /* Build configuration list for PBXProject "UI Design 1.0" */ = {
			isa = XCConfigurationList;
			buildConfigurations = (
				048E1EBD24ABD00000423673 /* Debug */,
				048E1EBE24ABD00000423673 /* Release */,
			);
			defaultConfigurationIsVisible = 0;
			defaultConfigurationName = Release;
		};
		048E1EBF24ABD00000423673 /* Build configuration list for PBXNativeTarget "UI Design 1.0" */ = {
			isa = XCConfigurationList;
			buildConfigurations = (
				048E1EC024ABD00000423673 /* Debug */,
				048E1EC124ABD00000423673 /* Release */,
			);
			defaultConfigurationIsVisible = 0;
			defaultConfigurationName = Release;
		};
/* End XCConfigurationList section */
	};
	rootObject = 048E1EA324ABCFFD00423673 /* Project object */;
}
